
Microsoft Visual Studio Solution File, Format Version 12.00
# Visual Studio Version 17
VisualStudioVersion = 17.1.32210.238
MinimumVisualStudioVersion = 10.0.40219.1
Project("{FAE04EC0-301F-11D3-BF4B-00C04F79EFBC}") = "LibrarySql", "LibrarySql\LibrarySql.csproj", "{F625A21C-8EEE-4561-A8C5-9FB8CF612F7D}"
EndProject
Global
	GlobalSection(SolutionConfigurationPlatforms) = preSolution
		Debug|Any CPU = Debug|Any CPU
		Release|Any CPU = Release|Any CPU
	EndGlobalSection
	GlobalSection(ProjectConfigurationPlatforms) = postSolution
		{F625A21C-8EEE-4561-A8C5-9FB8CF612F7D}.Debug|Any CPU.ActiveCfg = Debug|Any CPU
		{F625A21C-8EEE-4561-A8C5-9FB8CF612F7D}.Debug|Any CPU.Build.0 = Debug|Any CPU
		{F625A21C-8EEE-4561-A8C5-9FB8CF612F7D}.Release|Any CPU.ActiveCfg = Release|Any CPU
		{F625A21C-8EEE-4561-A8C5-9FB8CF612F7D}.Release|Any CPU.Build.0 = Release|Any CPU
	EndGlobalSection
	GlobalSection(SolutionProperties) = preSolution
		HideSolutionNode = FALSE
	EndGlobalSection
	GlobalSection(ExtensibilityGlobals) = postSolution
		SolutionGuid = {CBB4E87F-7821-4D7C-A45B-228278AA97CD}
	EndGlobalSection
EndGlobal
